// !$*UTF8*$!
{
	archiveVersion = 1;
	classes = {
	};
	objectVersion = 46;
	objects = {

/* Begin PBXBuildFile section */
		9DDED5971AD98D8E00F7695A /* main.m in Sources */ = {isa = PBXBuildFile; fileRef = 9DDED5961AD98D8E00F7695A /* main.m */; };
		9DDED59A1AD98D8E00F7695A /* AppDelegate.m in Sources */ = {isa = PBXBuildFile; fileRef = 9DDED5991AD98D8E00F7695A /* AppDelegate.m */; };
		9DDED59D1AD98D8E00F7695A /* ContatosIP67.xcdatamodeld in Sources */ = {isa = PBXBuildFile; fileRef = 9DDED59B1AD98D8E00F7695A /* ContatosIP67.xcdatamodeld */; };
		9DDED5A01AD98D8E00F7695A /* ViewController.m in Sources */ = {isa = PBXBuildFile; fileRef = 9DDED59F1AD98D8E00F7695A /* ViewController.m */; };
		9DDED5A31AD98D8E00F7695A /* Main.storyboard in Resources */ = {isa = PBXBuildFile; fileRef = 9DDED5A11AD98D8E00F7695A /* Main.storyboard */; };
		9DDED5A51AD98D8E00F7695A /* Images.xcassets in Resources */ = {isa = PBXBuildFile; fileRef = 9DDED5A41AD98D8E00F7695A /* Images.xcassets */; };
		9DDED5A81AD98D8E00F7695A /* LaunchScreen.xib in Resources */ = {isa = PBXBuildFile; fileRef = 9DDED5A61AD98D8E00F7695A /* LaunchScreen.xib */; };
		9DDED5B41AD98D8E00F7695A /* ContatosIP67Tests.m in Sources */ = {isa = PBXBuildFile; fileRef = 9DDED5B31AD98D8E00F7695A /* ContatosIP67Tests.m */; };
/* End PBXBuildFile section */

/* Begin PBXContainerItemProxy section */
		9DDED5AE1AD98D8E00F7695A /* PBXContainerItemProxy */ = {
			isa = PBXContainerItemProxy;
			containerPortal = 9DDED5891AD98D8E00F7695A /* Project object */;
			proxyType = 1;
			remoteGlobalIDString = 9DDED5901AD98D8E00F7695A;
			remoteInfo = ContatosIP67;
		};
/* End PBXContainerItemProxy section */

/* Begin PBXFileReference section */
		9DDED5911AD98D8E00F7695A /* ContatosIP67.app */ = {isa = PBXFileReference; explicitFileType = wrapper.application; includeInIndex = 0; path = ContatosIP67.app; sourceTree = BUILT_PRODUCTS_DIR; };
		9DDED5951AD98D8E00F7695A /* Info.plist */ = {isa = PBXFileReference; lastKnownFileType = text.plist.xml; path = Info.plist; sourceTree = "<group>"; };
		9DDED5961AD98D8E00F7695A /* main.m */ = {isa = PBXFileReference; lastKnownFileType = sourcecode.c.objc; path = main.m; sourceTree = "<group>"; };
		9DDED5981AD98D8E00F7695A /* AppDelegate.h */ = {isa = PBXFileReference; lastKnownFileType = sourcecode.c.h; path = AppDelegate.h; sourceTree = "<group>"; };
		9DDED5991AD98D8E00F7695A /* AppDelegate.m */ = {isa = PBXFileReference; lastKnownFileType = sourcecode.c.objc; path = AppDelegate.m; sourceTree = "<group>"; };
		9DDED59C1AD98D8E00F7695A /* ContatosIP67.xcdatamodel */ = {isa = PBXFileReference; lastKnownFileType = wrapper.xcdatamodel; path = ContatosIP67.xcdatamodel; sourceTree = "<group>"; };
		9DDED59E1AD98D8E00F7695A /* ViewController.h */ = {isa = PBXFileReference; lastKnownFileType = sourcecode.c.h; path = ViewController.h; sourceTree = "<group>"; };
		9DDED59F1AD98D8E00F7695A /* ViewController.m */ = {isa = PBXFileReference; lastKnownFileType = sourcecode.c.objc; path = ViewController.m; sourceTree = "<group>"; };
		9DDED5A21AD98D8E00F7695A /* Base */ = {isa = PBXFileReference; lastKnownFileType = file.storyboard; name = Base; path = Base.lproj/Main.storyboard; sourceTree = "<group>"; };
		9DDED5A41AD98D8E00F7695A /* Images.xcassets */ = {isa = PBXFileReference; lastKnownFileType = folder.assetcatalog; path = Images.xcassets; sourceTree = "<group>"; };
		9DDED5A71AD98D8E00F7695A /* Base */ = {isa = PBXFileReference; lastKnownFileType = file.xib; name = Base; path = Base.lproj/LaunchScreen.xib; sourceTree = "<group>"; };
		9DDED5AD1AD98D8E00F7695A /* ContatosIP67Tests.xctest */ = {isa = PBXFileReference; explicitFileType = wrapper.cfbundle; includeInIndex = 0; path = ContatosIP67Tests.xctest; sourceTree = BUILT_PRODUCTS_DIR; };
		9DDED5B21AD98D8E00F7695A /* Info.plist */ = {isa = PBXFileReference; lastKnownFileType = text.plist.xml; path = Info.plist; sourceTree = "<group>"; };
		9DDED5B31AD98D8E00F7695A /* ContatosIP67Tests.m */ = {isa = PBXFileReference; lastKnownFileType = sourcecode.c.objc; path = ContatosIP67Tests.m; sourceTree = "<group>"; };
/* End PBXFileReference section */

/* Begin PBXFrameworksBuildPhase section */
		9DDED58E1AD98D8E00F7695A /* Frameworks */ = {
			isa = PBXFrameworksBuildPhase;
			buildActionMask = 2147483647;
			files = (
			);
			runOnlyForDeploymentPostprocessing = 0;
		};
		9DDED5AA1AD98D8E00F7695A /* Frameworks */ = {
			isa = PBXFrameworksBuildPhase;
			buildActionMask = 2147483647;
			files = (
			);
			runOnlyForDeploymentPostprocessing = 0;
		};
/* End PBXFrameworksBuildPhase section */

/* Begin PBXGroup section */
		9DDED5881AD98D8E00F7695A = {
			isa = PBXGroup;
			children = (
				9DDED5931AD98D8E00F7695A /* ContatosIP67 */,
				9DDED5B01AD98D8E00F7695A /* ContatosIP67Tests */,
				9DDED5921AD98D8E00F7695A /* Products */,
			);
			sourceTree = "<group>";
		};
		9DDED5921AD98D8E00F7695A /* Products */ = {
			isa = PBXGroup;
			children = (
				9DDED5911AD98D8E00F7695A /* ContatosIP67.app */,
				9DDED5AD1AD98D8E00F7695A /* ContatosIP67Tests.xctest */,
			);
			name = Products;
			sourceTree = "<group>";
		};
		9DDED5931AD98D8E00F7695A /* ContatosIP67 */ = {
			isa = PBXGroup;
			children = (
				9DDED5981AD98D8E00F7695A /* AppDelegate.h */,
				9DDED5991AD98D8E00F7695A /* AppDelegate.m */,
				9DDED59E1AD98D8E00F7695A /* ViewController.h */,
				9DDED59F1AD98D8E00F7695A /* ViewController.m */,
				9DDED5A11AD98D8E00F7695A /* Main.storyboard */,
				9DDED5A41AD98D8E00F7695A /* Images.xcassets */,
				9DDED5A61AD98D8E00F7695A /* LaunchScreen.xib */,
				9DDED59B1AD98D8E00F7695A /* ContatosIP67.xcdatamodeld */,
				9DDED5941AD98D8E00F7695A /* Supporting Files */,
			);
			path = ContatosIP67;
			sourceTree = "<group>";
		};
		9DDED5941AD98D8E00F7695A /* Supporting Files */ = {
			isa = PBXGroup;
			children = (
				9DDED5951AD98D8E00F7695A /* Info.plist */,
				9DDED5961AD98D8E00F7695A /* main.m */,
			);
			name = "Supporting Files";
			sourceTree = "<group>";
		};
		9DDED5B01AD98D8E00F7695A /* ContatosIP67Tests */ = {
			isa = PBXGroup;
			children = (
				9DDED5B31AD98D8E00F7695A /* ContatosIP67Tests.m */,
				9DDED5B11AD98D8E00F7695A /* Supporting Files */,
			);
			path = ContatosIP67Tests;
			sourceTree = "<group>";
		};
		9DDED5B11AD98D8E00F7695A /* Supporting Files */ = {
			isa = PBXGroup;
			children = (
				9DDED5B21AD98D8E00F7695A /* Info.plist */,
			);
			name = "Supporting Files";
			sourceTree = "<group>";
		};
/* End PBXGroup section */

/* Begin PBXNativeTarget section */
		9DDED5901AD98D8E00F7695A /* ContatosIP67 */ = {
			isa = PBXNativeTarget;
			buildConfigurationList = 9DDED5B71AD98D8E00F7695A /* Build configuration list for PBXNativeTarget "ContatosIP67" */;
			buildPhases = (
				9DDED58D1AD98D8E00F7695A /* Sources */,
				9DDED58E1AD98D8E00F7695A /* Frameworks */,
				9DDED58F1AD98D8E00F7695A /* Resources */,
			);
			buildRules = (
			);
			dependencies = (
			);
			name = ContatosIP67;
			productName = ContatosIP67;
			productReference = 9DDED5911AD98D8E00F7695A /* ContatosIP67.app */;
			productType = "com.apple.product-type.application";
		};
		9DDED5AC1AD98D8E00F7695A /* ContatosIP67Tests */ = {
			isa = PBXNativeTarget;
			buildConfigurationList = 9DDED5BA1AD98D8E00F7695A /* Build configuration list for PBXNativeTarget "ContatosIP67Tests" */;
			buildPhases = (
				9DDED5A91AD98D8E00F7695A /* Sources */,
				9DDED5AA1AD98D8E00F7695A /* Frameworks */,
				9DDED5AB1AD98D8E00F7695A /* Resources */,
			);
			buildRules = (
			);
			dependencies = (
				9DDED5AF1AD98D8E00F7695A /* PBXTargetDependency */,
			);
			name = ContatosIP67Tests;
			productName = ContatosIP67Tests;
			productReference = 9DDED5AD1AD98D8E00F7695A /* ContatosIP67Tests.xctest */;
			productType = "com.apple.product-type.bundle.unit-test";
		};
/* End PBXNativeTarget section */

/* Begin PBXProject section */
		9DDED5891AD98D8E00F7695A /* Project object */ = {
			isa = PBXProject;
			attributes = {
				LastUpgradeCheck = 0600;
				ORGANIZATIONNAME = Caelum;
				TargetAttributes = {
					9DDED5901AD98D8E00F7695A = {
						CreatedOnToolsVersion = 6.0.1;
					};
					9DDED5AC1AD98D8E00F7695A = {
						CreatedOnToolsVersion = 6.0.1;
						TestTargetID = 9DDED5901AD98D8E00F7695A;
					};
				};
			};
			buildConfigurationList = 9DDED58C1AD98D8E00F7695A /* Build configuration list for PBXProject "ContatosIP67" */;
			compatibilityVersion = "Xcode 3.2";
			developmentRegion = English;
			hasScannedForEncodings = 0;
			knownRegions = (
				en,
				Base,
			);
			mainGroup = 9DDED5881AD98D8E00F7695A;
			productRefGroup = 9DDED5921AD98D8E00F7695A /* Products */;
			projectDirPath = "";
			projectRoot = "";
			targets = (
				9DDED5901AD98D8E00F7695A /* ContatosIP67 */,
				9DDED5AC1AD98D8E00F7695A /* ContatosIP67Tests */,
			);
		};
/* End PBXProject section */

/* Begin PBXResourcesBuildPhase section */
		9DDED58F1AD98D8E00F7695A /* Resources */ = {
			isa = PBXResourcesBuildPhase;
			buildActionMask = 2147483647;
			files = (
				9DDED5A31AD98D8E00F7695A /* Main.storyboard in Resources */,
				9DDED5A81AD98D8E00F7695A /* LaunchScreen.xib in Resources */,
				9DDED5A51AD98D8E00F7695A /* Images.xcassets in Resources */,
			);
			runOnlyForDeploymentPostprocessing = 0;
		};
		9DDED5AB1AD98D8E00F7695A /* Resources */ = {
			isa = PBXResourcesBuildPhase;
			buildActionMask = 2147483647;
			files = (
			);
			runOnlyForDeploymentPostprocessing = 0;
		};
/* End PBXResourcesBuildPhase section */

/* Begin PBXSourcesBuildPhase section */
		9DDED58D1AD98D8E00F7695A /* Sources */ = {
			isa = PBXSourcesBuildPhase;
			buildActionMask = 2147483647;
			files = (
				9DDED59A1AD98D8E00F7695A /* AppDelegate.m in Sources */,
				9DDED59D1AD98D8E00F7695A /* ContatosIP67.xcdatamodeld in Sources */,
				9DDED5A01AD98D8E00F7695A /* ViewController.m in Sources */,
				9DDED5971AD98D8E00F7695A /* main.m in Sources */,
			);
			runOnlyForDeploymentPostprocessing = 0;
		};
		9DDED5A91AD98D8E00F7695A /* Sources */ = {
			isa = PBXSourcesBuildPhase;
			buildActionMask = 2147483647;
			files = (
				9DDED5B41AD98D8E00F7695A /* ContatosIP67Tests.m in Sources */,
			);
			runOnlyForDeploymentPostprocessing = 0;
		};
/* End PBXSourcesBuildPhase section */

/* Begin PBXTargetDependency section */
		9DDED5AF1AD98D8E00F7695A /* PBXTargetDependency */ = {
			isa = PBXTargetDependency;
			target = 9DDED5901AD98D8E00F7695A /* ContatosIP67 */;
			targetProxy = 9DDED5AE1AD98D8E00F7695A /* PBXContainerItemProxy */;
		};
/* End PBXTargetDependency section */

/* Begin PBXVariantGroup section */
		9DDED5A11AD98D8E00F7695A /* Main.storyboard */ = {
			isa = PBXVariantGroup;
			children = (
				9DDED5A21AD98D8E00F7695A /* Base */,
			);
			name = Main.storyboard;
			sourceTree = "<group>";
		};
		9DDED5A61AD98D8E00F7695A /* LaunchScreen.xib */ = {
			isa = PBXVariantGroup;
			children = (
				9DDED5A71AD98D8E00F7695A /* Base */,
			);
			name = LaunchScreen.xib;
			sourceTree = "<group>";
		};
/* End PBXVariantGroup section */

/* Begin XCBuildConfiguration section */
		9DDED5B51AD98D8E00F7695A /* Debug */ = {
			isa = XCBuildConfiguration;
			buildSettings = {
				ALWAYS_SEARCH_USER_PATHS = NO;
				CLANG_CXX_LANGUAGE_STANDARD = "gnu++0x";
				CLANG_CXX_LIBRARY = "libc++";
				CLANG_ENABLE_MODULES = YES;
				CLANG_ENABLE_OBJC_ARC = YES;
				CLANG_WARN_BOOL_CONVERSION = YES;
				CLANG_WARN_CONSTANT_CONVERSION = YES;
				CLANG_WARN_DIRECT_OBJC_ISA_USAGE = YES_ERROR;
				CLANG_WARN_EMPTY_BODY = YES;
				CLANG_WARN_ENUM_CONVERSION = YES;
				CLANG_WARN_INT_CONVERSION = YES;
				CLANG_WARN_OBJC_ROOT_CLASS = YES_ERROR;
				CLANG_WARN_UNREACHABLE_CODE = YES;
				CLANG_WARN__DUPLICATE_METHOD_MATCH = YES;
				"CODE_SIGN_IDENTITY[sdk=iphoneos*]" = "iPhone Developer";
				COPY_PHASE_STRIP = NO;
				ENABLE_STRICT_OBJC_MSGSEND = YES;
				GCC_C_LANGUAGE_STANDARD = gnu99;
				GCC_DYNAMIC_NO_PIC = NO;
				GCC_OPTIMIZATION_LEVEL = 0;
				GCC_PREPROCESSOR_DEFINITIONS = (
					"DEBUG=1",
					"$(inherited)",
				);
				GCC_SYMBOLS_PRIVATE_EXTERN = NO;
				GCC_WARN_64_TO_32_BIT_CONVERSION = YES;
				GCC_WARN_ABOUT_RETURN_TYPE = YES_ERROR;
				GCC_WARN_UNDECLARED_SELECTOR = YES;
				GCC_WARN_UNINITIALIZED_AUTOS = YES_AGGRESSIVE;
				GCC_WARN_UNUSED_FUNCTION = YES;
				GCC_WARN_UNUSED_VARIABLE = YES;
				IPHONEOS_DEPLOYMENT_TARGET = 8.0;
				MTL_ENABLE_DEBUG_INFO = YES;
				ONLY_ACTIVE_ARCH = YES;
				SDKROOT = iphoneos;
				TARGETED_DEVICE_FAMILY = "1,2";
			};
			name = Debug;
		};
		9DDED5B61AD98D8E00F7695A /* Release */ = {
			isa = XCBuildConfiguration;
			buildSettings = {
				ALWAYS_SEARCH_USER_PATHS = NO;
				CLANG_CXX_LANGUAGE_STANDARD = "gnu++0x";
				CLANG_CXX_LIBRARY = "libc++";
				CLANG_ENABLE_MODULES = YES;
				CLANG_ENABLE_OBJC_ARC = YES;
				CLANG_WARN_BOOL_CONVERSION = YES;
				CLANG_WARN_CONSTANT_CONVERSION = YES;
				CLANG_WARN_DIRECT_OBJC_ISA_USAGE = YES_ERROR;
				CLANG_WARN_EMPTY_BODY = YES;
				CLANG_WARN_ENUM_CONVERSION = YES;
				CLANG_WARN_INT_CONVERSION = YES;
				CLANG_WARN_OBJC_ROOT_CLASS = YES_ERROR;
				CLANG_WARN_UNREACHABLE_CODE = YES;
				CLANG_WARN__DUPLICATE_METHOD_MATCH = YES;
				"CODE_SIGN_IDENTITY[sdk=iphoneos*]" = "iPhone Developer";
				COPY_PHASE_STRIP = YES;
				ENABLE_NS_ASSERTIONS = NO;
				ENABLE_STRICT_OBJC_MSGSEND = YES;
				GCC_C_LANGUAGE_STANDARD = gnu99;
				GCC_WARN_64_TO_32_BIT_CONVERSION = YES;
				GCC_WARN_ABOUT_RETURN_TYPE = YES_ERROR;
				GCC_WARN_UNDECLARED_SELECTOR = YES;
				GCC_WARN_UNINITIALIZED_AUTOS = YES_AGGRESSIVE;
				GCC_WARN_UNUSED_FUNCTION = YES;
				GCC_WARN_UNUSED_VARIABLE = YES;
				IPHONEOS_DEPLOYMENT_TARGET = 8.0;
				MTL_ENABLE_DEBUG_INFO = NO;
				SDKROOT = iphoneos;
				TARGETED_DEVICE_FAMILY = "1,2";
				VALIDATE_PRODUCT = YES;
			};
			name = Release;
		};
		9DDED5B81AD98D8E00F7695A /* Debug */ = {
			isa = XCBuildConfiguration;
			buildSettings = {
				ASSETCATALOG_COMPILER_APPICON_NAME = AppIcon;
				INFOPLIST_FILE = ContatosIP67/Info.plist;
				LD_RUNPATH_SEARCH_PATHS = "$(inherited) @executable_path/Frameworks";
				PRODUCT_NAME = "$(TARGET_NAME)";
			};
			name = Debug;
		};
		9DDED5B91AD98D8E00F7695A /* Release */ = {
			isa = XCBuildConfiguration;
			buildSettings = {
				ASSETCATALOG_COMPILER_APPICON_NAME = AppIcon;
				INFOPLIST_FILE = ContatosIP67/Info.plist;
				LD_RUNPATH_SEARCH_PATHS = "$(inherited) @executable_path/Frameworks";
				PRODUCT_NAME = "$(TARGET_NAME)";
			};
			name = Release;
		};
		9DDED5BB1AD98D8E00F7695A /* Debug */ = {
			isa = XCBuildConfiguration;
			buildSettings = {
				BUNDLE_LOADER = "$(TEST_HOST)";
				FRAMEWORK_SEARCH_PATHS = (
					"$(SDKROOT)/Developer/Library/Frameworks",
					"$(inherited)",
				);
				GCC_PREPROCESSOR_DEFINITIONS = (
					"DEBUG=1",
					"$(inherited)",
				);
				INFOPLIST_FILE = ContatosIP67Tests/Info.plist;
				LD_RUNPATH_SEARCH_PATHS = "$(inherited) @executable_path/Frameworks @loader_path/Frameworks";
				PRODUCT_NAME = "$(TARGET_NAME)";
				TEST_HOST = "$(BUILT_PRODUCTS_DIR)/ContatosIP67.app/ContatosIP67";
			};
			name = Debug;
		};
		9DDED5BC1AD98D8E00F7695A /* Release */ = {
			isa = XCBuildConfiguration;
			buildSettings = {
				BUNDLE_LOADER = "$(TEST_HOST)";
				FRAMEWORK_SEARCH_PATHS = (
					"$(SDKROOT)/Developer/Library/Frameworks",
					"$(inherited)",
				);
				INFOPLIST_FILE = ContatosIP67Tests/Info.plist;
				LD_RUNPATH_SEARCH_PATHS = "$(inherited) @executable_path/Frameworks @loader_path/Frameworks";
				PRODUCT_NAME = "$(TARGET_NAME)";
				TEST_HOST = "$(BUILT_PRODUCTS_DIR)/ContatosIP67.app/ContatosIP67";
			};
			name = Release;
		};
/* End XCBuildConfiguration section */

/* Begin XCConfigurationList section */
		9DDED58C1AD98D8E00F7695A /* Build configuration list for PBXProject "ContatosIP67" */ = {
			isa = XCConfigurationList;
			buildConfigurations = (
				9DDED5B51AD98D8E00F7695A /* Debug */,
				9DDED5B61AD98D8E00F7695A /* Release */,
			);
			defaultConfigurationIsVisible = 0;
			defaultConfigurationName = Release;
		};
		9DDED5B71AD98D8E00F7695A /* Build configuration list for PBXNativeTarget "ContatosIP67" */ = {
			isa = XCConfigurationList;
			buildConfigurations = (
				9DDED5B81AD98D8E00F7695A /* Debug */,
				9DDED5B91AD98D8E00F7695A /* Release */,
			);
			defaultConfigurationIsVisible = 0;
		};
		9DDED5BA1AD98D8E00F7695A /* Build configuration list for PBXNativeTarget "ContatosIP67Tests" */ = {
			isa = XCConfigurationList;
			buildConfigurations = (
				9DDED5BB1AD98D8E00F7695A /* Debug */,
				9DDED5BC1AD98D8E00F7695A /* Release */,
			);
			defaultConfigurationIsVisible = 0;
		};
/* End XCConfigurationList section */

/* Begin XCVersionGroup section */
		9DDED59B1AD98D8E00F7695A /* ContatosIP67.xcdatamodeld */ = {
			isa = XCVersionGroup;
			children = (
				9DDED59C1AD98D8E00F7695A /* ContatosIP67.xcdatamodel */,
			);
			currentVersion = 9DDED59C1AD98D8E00F7695A /* ContatosIP67.xcdatamodel */;
			path = ContatosIP67.xcdatamodeld;
			sourceTree = "<group>";
			versionGroupType = wrapper.xcdatamodel;
		};
/* End XCVersionGroup section */
	};
	rootObject = 9DDED5891AD98D8E00F7695A /* Project object */;
}
